// !$*UTF8*$!
{
	archiveVersion = 1;
	classes = {
	};
	objectVersion = 46;
	objects = {

/* Begin PBXBuildFile section */
		EF41BD8A1D8FB9D2004D580D /* AppDelegate.swift in Sources */ = {isa = PBXBuildFile; fileRef = EF41BD891D8FB9D2004D580D /* AppDelegate.swift */; };
		EF41BD8C1D8FB9D2004D580D /* ViewController.swift in Sources */ = {isa = PBXBuildFile; fileRef = EF41BD8B1D8FB9D2004D580D /* ViewController.swift */; };
		EF41BD8F1D8FB9D2004D580D /* Main.storyboard in Resources */ = {isa = PBXBuildFile; fileRef = EF41BD8D1D8FB9D2004D580D /* Main.storyboard */; };
		EF41BD911D8FB9D2004D580D /* Assets.xcassets in Resources */ = {isa = PBXBuildFile; fileRef = EF41BD901D8FB9D2004D580D /* Assets.xcassets */; };
		EF41BD941D8FB9D2004D580D /* LaunchScreen.storyboard in Resources */ = {isa = PBXBuildFile; fileRef = EF41BD921D8FB9D2004D580D /* LaunchScreen.storyboard */; };
/* End PBXBuildFile section */

/* Begin PBXFileReference section */
		EF41BD861D8FB9D2004D580D /* StuQ-RxSwift-homework3.app */ = {isa = PBXFileReference; explicitFileType = wrapper.application; includeInIndex = 0; path = "StuQ-RxSwift-homework3.app"; sourceTree = BUILT_PRODUCTS_DIR; };
		EF41BD891D8FB9D2004D580D /* AppDelegate.swift */ = {isa = PBXFileReference; lastKnownFileType = sourcecode.swift; path = AppDelegate.swift; sourceTree = "<group>"; };
		EF41BD8B1D8FB9D2004D580D /* ViewController.swift */ = {isa = PBXFileReference; lastKnownFileType = sourcecode.swift; path = ViewController.swift; sourceTree = "<group>"; };
		EF41BD8E1D8FB9D2004D580D /* Base */ = {isa = PBXFileReference; lastKnownFileType = file.storyboard; name = Base; path = Base.lproj/Main.storyboard; sourceTree = "<group>"; };
		EF41BD901D8FB9D2004D580D /* Assets.xcassets */ = {isa = PBXFileReference; lastKnownFileType = folder.assetcatalog; path = Assets.xcassets; sourceTree = "<group>"; };
		EF41BD931D8FB9D2004D580D /* Base */ = {isa = PBXFileReference; lastKnownFileType = file.storyboard; name = Base; path = Base.lproj/LaunchScreen.storyboard; sourceTree = "<group>"; };
		EF41BD951D8FB9D2004D580D /* Info.plist */ = {isa = PBXFileReference; lastKnownFileType = text.plist.xml; path = Info.plist; sourceTree = "<group>"; };
/* End PBXFileReference section */

/* Begin PBXFrameworksBuildPhase section */
		EF41BD831D8FB9D2004D580D /* Frameworks */ = {
			isa = PBXFrameworksBuildPhase;
			buildActionMask = 2147483647;
			files = (
			);
			runOnlyForDeploymentPostprocessing = 0;
		};
/* End PBXFrameworksBuildPhase section */

/* Begin PBXGroup section */
		EF41BD7D1D8FB9D2004D580D = {
			isa = PBXGroup;
			children = (
				EF41BD881D8FB9D2004D580D /* StuQ-RxSwift-homework3 */,
				EF41BD871D8FB9D2004D580D /* Products */,
			);
			sourceTree = "<group>";
		};
		EF41BD871D8FB9D2004D580D /* Products */ = {
			isa = PBXGroup;
			children = (
				EF41BD861D8FB9D2004D580D /* StuQ-RxSwift-homework3.app */,
			);
			name = Products;
			sourceTree = "<group>";
		};
		EF41BD881D8FB9D2004D580D /* StuQ-RxSwift-homework3 */ = {
			isa = PBXGroup;
			children = (
				EF41BD891D8FB9D2004D580D /* AppDelegate.swift */,
				EF41BD8B1D8FB9D2004D580D /* ViewController.swift */,
				EF41BD8D1D8FB9D2004D580D /* Main.storyboard */,
				EF41BD901D8FB9D2004D580D /* Assets.xcassets */,
				EF41BD921D8FB9D2004D580D /* LaunchScreen.storyboard */,
				EF41BD951D8FB9D2004D580D /* Info.plist */,
			);
			path = "StuQ-RxSwift-homework3";
			sourceTree = "<group>";
		};
/* End PBXGroup section */

/* Begin PBXNativeTarget section */
		EF41BD851D8FB9D2004D580D /* StuQ-RxSwift-homework3 */ = {
			isa = PBXNativeTarget;
			buildConfigurationList = EF41BD981D8FB9D2004D580D /* Build configuration list for PBXNativeTarget "StuQ-RxSwift-homework3" */;
			buildPhases = (
				EF41BD821D8FB9D2004D580D /* Sources */,
				EF41BD831D8FB9D2004D580D /* Frameworks */,
				EF41BD841D8FB9D2004D580D /* Resources */,
			);
			buildRules = (
			);
			dependencies = (
			);
			name = "StuQ-RxSwift-homework3";
			productName = "StuQ-RxSwift-homework3";
			productReference = EF41BD861D8FB9D2004D580D /* StuQ-RxSwift-homework3.app */;
			productType = "com.apple.product-type.application";
		};
/* End PBXNativeTarget section */

/* Begin PBXProject section */
		EF41BD7E1D8FB9D2004D580D /* Project object */ = {
			isa = PBXProject;
			attributes = {
				LastSwiftUpdateCheck = 0800;
				LastUpgradeCheck = 0800;
				ORGANIZATIONNAME = penghui;
				TargetAttributes = {
					EF41BD851D8FB9D2004D580D = {
						CreatedOnToolsVersion = 8.0;
						DevelopmentTeam = 2HSNL7L4CQ;
						ProvisioningStyle = Automatic;
					};
				};
			};
			buildConfigurationList = EF41BD811D8FB9D2004D580D /* Build configuration list for PBXProject "StuQ-RxSwift-homework3" */;
			compatibilityVersion = "Xcode 3.2";
			developmentRegion = English;
			hasScannedForEncodings = 0;
			knownRegions = (
				en,
				Base,
			);
			mainGroup = EF41BD7D1D8FB9D2004D580D;
			productRefGroup = EF41BD871D8FB9D2004D580D /* Products */;
			projectDirPath = "";
			projectRoot = "";
			targets = (
				EF41BD851D8FB9D2004D580D /* StuQ-RxSwift-homework3 */,
			);
		};
/* End PBXProject section */

/* Begin PBXResourcesBuildPhase section */
		EF41BD841D8FB9D2004D580D /* Resources */ = {
			isa = PBXResourcesBuildPhase;
			buildActionMask = 2147483647;
			files = (
				EF41BD941D8FB9D2004D580D /* LaunchScreen.storyboard in Resources */,
				EF41BD911D8FB9D2004D580D /* Assets.xcassets in Resources */,
				EF41BD8F1D8FB9D2004D580D /* Main.storyboard in Resources */,
			);
			runOnlyForDeploymentPostprocessing = 0;
		};
/* End PBXResourcesBuildPhase section */

/* Begin PBXSourcesBuildPhase section */
		EF41BD821D8FB9D2004D580D /* Sources */ = {
			isa = PBXSourcesBuildPhase;
			buildActionMask = 2147483647;
			files = (
				EF41BD8C1D8FB9D2004D580D /* ViewController.swift in Sources */,
				EF41BD8A1D8FB9D2004D580D /* AppDelegate.swift in Sources */,
			);
			runOnlyForDeploymentPostprocessing = 0;
		};
/* End PBXSourcesBuildPhase section */

/* Begin PBXVariantGroup section */
		EF41BD8D1D8FB9D2004D580D /* Main.storyboard */ = {
			isa = PBXVariantGroup;
			children = (
				EF41BD8E1D8FB9D2004D580D /* Base */,
			);
			name = Main.storyboard;
			sourceTree = "<group>";
		};
		EF41BD921D8FB9D2004D580D /* LaunchScreen.storyboard */ = {
			isa = PBXVariantGroup;
			children = (
				EF41BD931D8FB9D2004D580D /* Base */,
			);
			name = LaunchScreen.storyboard;
			sourceTree = "<group>";
		};
/* End PBXVariantGroup section */

/* Begin XCBuildConfiguration section */
		EF41BD961D8FB9D2004D580D /* Debug */ = {
			isa = XCBuildConfiguration;
			buildSettings = {
				ALWAYS_SEARCH_USER_PATHS = NO;
				CLANG_ANALYZER_NONNULL = YES;
				CLANG_CXX_LANGUAGE_STANDARD = "gnu++0x";
				CLANG_CXX_LIBRARY = "libc++";
				CLANG_ENABLE_MODULES = YES;
				CLANG_ENABLE_OBJC_ARC = YES;
				CLANG_WARN_BOOL_CONVERSION = YES;
				CLANG_WARN_CONSTANT_CONVERSION = YES;
				CLANG_WARN_DIRECT_OBJC_ISA_USAGE = YES_ERROR;
				CLANG_WARN_DOCUMENTATION_COMMENTS = YES;
				CLANG_WARN_EMPTY_BODY = YES;
				CLANG_WARN_ENUM_CONVERSION = YES;
				CLANG_WARN_INFINITE_RECURSION = YES;
				CLANG_WARN_INT_CONVERSION = YES;
				CLANG_WARN_OBJC_ROOT_CLASS = YES_ERROR;
				CLANG_WARN_SUSPICIOUS_MOVES = YES;
				CLANG_WARN_UNREACHABLE_CODE = YES;
				CLANG_WARN__DUPLICATE_METHOD_MATCH = YES;
				"CODE_SIGN_IDENTITY[sdk=iphoneos*]" = "iPhone Developer";
				COPY_PHASE_STRIP = NO;
				DEBUG_INFORMATION_FORMAT = dwarf;
				ENABLE_STRICT_OBJC_MSGSEND = YES;
				ENABLE_TESTABILITY = YES;
				GCC_C_LANGUAGE_STANDARD = gnu99;
				GCC_DYNAMIC_NO_PIC = NO;
				GCC_NO_COMMON_BLOCKS = YES;
				GCC_OPTIMIZATION_LEVEL = 0;
				GCC_PREPROCESSOR_DEFINITIONS = (
					"DEBUG=1",
					"$(inherited)",
				);
				GCC_WARN_64_TO_32_BIT_CONVERSION = YES;
				GCC_WARN_ABOUT_RETURN_TYPE = YES_ERROR;
				GCC_WARN_UNDECLARED_SELECTOR = YES;
				GCC_WARN_UNINITIALIZED_AUTOS = YES_AGGRESSIVE;
				GCC_WARN_UNUSED_FUNCTION = YES;
				GCC_WARN_UNUSED_VARIABLE = YES;
				IPHONEOS_DEPLOYMENT_TARGET = 10.0;
				MTL_ENABLE_DEBUG_INFO = YES;
				ONLY_ACTIVE_ARCH = YES;
				SDKROOT = iphoneos;
				SWIFT_ACTIVE_COMPILATION_CONDITIONS = DEBUG;
				SWIFT_OPTIMIZATION_LEVEL = "-Onone";
			};
			name = Debug;
		};
		EF41BD971D8FB9D2004D580D /* Release */ = {
			isa = XCBuildConfiguration;
			buildSettings = {
				ALWAYS_SEARCH_USER_PATHS = NO;
				CLANG_ANALYZER_NONNULL = YES;
				CLANG_CXX_LANGUAGE_STANDARD = "gnu++0x";
				CLANG_CXX_LIBRARY = "libc++";
				CLANG_ENABLE_MODULES = YES;
				CLANG_ENABLE_OBJC_ARC = YES;
				CLANG_WARN_BOOL_CONVERSION = YES;
				CLANG_WARN_CONSTANT_CONVERSION = YES;
				CLANG_WARN_DIRECT_OBJC_ISA_USAGE = YES_ERROR;
				CLANG_WARN_DOCUMENTATION_COMMENTS = YES;
				CLANG_WARN_EMPTY_BODY = YES;
				CLANG_WARN_ENUM_CONVERSION = YES;
				CLANG_WARN_INFINITE_RECURSION = YES;
				CLANG_WARN_INT_CONVERSION = YES;
				CLANG_WARN_OBJC_ROOT_CLASS = YES_ERROR;
				CLANG_WARN_SUSPICIOUS_MOVES = YES;
				CLANG_WARN_UNREACHABLE_CODE = YES;
				CLANG_WARN__DUPLICATE_METHOD_MATCH = YES;
				"CODE_SIGN_IDENTITY[sdk=iphoneos*]" = "iPhone Developer";
				COPY_PHASE_STRIP = NO;
				DEBUG_INFORMATION_FORMAT = "dwarf-with-dsym";
				ENABLE_NS_ASSERTIONS = NO;
				ENABLE_STRICT_OBJC_MSGSEND = YES;
				GCC_C_LANGUAGE_STANDARD = gnu99;
				GCC_NO_COMMON_BLOCKS = YES;
				GCC_WARN_64_TO_32_BIT_CONVERSION = YES;
				GCC_WARN_ABOUT_RETURN_TYPE = YES_ERROR;
				GCC_WARN_UNDECLARED_SELECTOR = YES;
				GCC_WARN_UNINITIALIZED_AUTOS = YES_AGGRESSIVE;
				GCC_WARN_UNUSED_FUNCTION = YES;
				GCC_WARN_UNUSED_VARIABLE = YES;
				IPHONEOS_DEPLOYMENT_TARGET = 10.0;
				MTL_ENABLE_DEBUG_INFO = NO;
				SDKROOT = iphoneos;
				SWIFT_OPTIMIZATION_LEVEL = "-Owholemodule";
				VALIDATE_PRODUCT = YES;
			};
			name = Release;
		};
		EF41BD991D8FB9D2004D580D /* Debug */ = {
			isa = XCBuildConfiguration;
			buildSettings = {
				ASSETCATALOG_COMPILER_APPICON_NAME = AppIcon;
				DEVELOPMENT_TEAM = 2HSNL7L4CQ;
				INFOPLIST_FILE = "StuQ-RxSwift-homework3/Info.plist";
				LD_RUNPATH_SEARCH_PATHS = "$(inherited) @executable_path/Frameworks";
				PRODUCT_BUNDLE_IDENTIFIER = "me.penghui.StuQ-RxSwift-homework3";
				PRODUCT_NAME = "$(TARGET_NAME)";
				SWIFT_VERSION = 3.0;
			};
			name = Debug;
		};
		EF41BD9A1D8FB9D2004D580D /* Release */ = {
			isa = XCBuildConfiguration;
			buildSettings = {
				ASSETCATALOG_COMPILER_APPICON_NAME = AppIcon;
				DEVELOPMENT_TEAM = 2HSNL7L4CQ;
				INFOPLIST_FILE = "StuQ-RxSwift-homework3/Info.plist";
				LD_RUNPATH_SEARCH_PATHS = "$(inherited) @executable_path/Frameworks";
				PRODUCT_BUNDLE_IDENTIFIER = "me.penghui.StuQ-RxSwift-homework3";
				PRODUCT_NAME = "$(TARGET_NAME)";
				SWIFT_VERSION = 3.0;
			};
			name = Release;
		};
/* End XCBuildConfiguration section */

/* Begin XCConfigurationList section */
		EF41BD811D8FB9D2004D580D /* Build configuration list for PBXProject "StuQ-RxSwift-homework3" */ = {
			isa = XCConfigurationList;
			buildConfigurations = (
				EF41BD961D8FB9D2004D580D /* Debug */,
				EF41BD971D8FB9D2004D580D /* Release */,
			);
			defaultConfigurationIsVisible = 0;
			defaultConfigurationName = Release;
		};
		EF41BD981D8FB9D2004D580D /* Build configuration list for PBXNativeTarget "StuQ-RxSwift-homework3" */ = {
			isa = XCConfigurationList;
			buildConfigurations = (
				EF41BD991D8FB9D2004D580D /* Debug */,
				EF41BD9A1D8FB9D2004D580D /* Release */,
			);
			defaultConfigurationIsVisible = 0;
		};
/* End XCConfigurationList section */
	};
	rootObject = EF41BD7E1D8FB9D2004D580D /* Project object */;
}
